
Microsoft Visual Studio Solution File, Format Version 12.00
# Visual Studio 15
VisualStudioVersion = 15.0.27703.2042
MinimumVisualStudioVersion = 10.0.40219.1
Project("{888888A0-9F3D-457C-B088-3A5042F75D52}") = "static_data_app", "static_data_app.pyproj", "{81E7812E-D873-4220-8402-1C64B459513B}"
EndProject
Global
	GlobalSection(SolutionConfigurationPlatforms) = preSolution
		Debug|Any CPU = Debug|Any CPU
		Release|Any CPU = Release|Any CPU
	EndGlobalSection
	GlobalSection(ProjectConfigurationPlatforms) = postSolution
		{81E7812E-D873-4220-8402-1C64B459513B}.Debug|Any CPU.ActiveCfg = Debug|Any CPU
		{81E7812E-D873-4220-8402-1C64B459513B}.Release|Any CPU.ActiveCfg = Release|Any CPU
	EndGlobalSection
	GlobalSection(SolutionProperties) = preSolution
		HideSolutionNode = FALSE
	EndGlobalSection
	GlobalSection(ExtensibilityGlobals) = postSolution
		SolutionGuid = {5DFE0D20-578E-49E4-BA9A-DF14AF194CAF}
	EndGlobalSection
EndGlobal
